
Microsoft Visual Studio Solution File, Format Version 12.00
# Visual Studio Version 16
VisualStudioVersion = 16.0.31402.337
MinimumVisualStudioVersion = 10.0.40219.1
Project("{FAE04EC0-301F-11D3-BF4B-00C04F79EFBC}") = "azurewebappdemo", "azurewebappdemo\azurewebappdemo.csproj", "{193DA829-9CCD-48FE-93A2-AC87C4D247AB}"
EndProject
Global
	GlobalSection(SolutionConfigurationPlatforms) = preSolution
		Debug|Any CPU = Debug|Any CPU
		Release|Any CPU = Release|Any CPU
	EndGlobalSection
	GlobalSection(ProjectConfigurationPlatforms) = postSolution
		{193DA829-9CCD-48FE-93A2-AC87C4D247AB}.Debug|Any CPU.ActiveCfg = Debug|Any CPU
		{193DA829-9CCD-48FE-93A2-AC87C4D247AB}.Debug|Any CPU.Build.0 = Debug|Any CPU
		{193DA829-9CCD-48FE-93A2-AC87C4D247AB}.Release|Any CPU.ActiveCfg = Release|Any CPU
		{193DA829-9CCD-48FE-93A2-AC87C4D247AB}.Release|Any CPU.Build.0 = Release|Any CPU
	EndGlobalSection
	GlobalSection(SolutionProperties) = preSolution
		HideSolutionNode = FALSE
	EndGlobalSection
	GlobalSection(ExtensibilityGlobals) = postSolution
		SolutionGuid = {7130ADC6-658C-41DF-A9BA-E223133274F0}
	EndGlobalSection
EndGlobal
